
Microsoft Visual Studio Solution File, Format Version 12.00
# Visual Studio Version 16
VisualStudioVersion = 16.0.32228.343
MinimumVisualStudioVersion = 10.0.40219.1
Project("{FAE04EC0-301F-11D3-BF4B-00C04F79EFBC}") = "AdoPractica", "AdoPractica.csproj", "{1A1FAC90-E8D0-457F-94C4-D9EA915A85A0}"
EndProject
Global
	GlobalSection(SolutionConfigurationPlatforms) = preSolution
		Debug|Any CPU = Debug|Any CPU
		Release|Any CPU = Release|Any CPU
	EndGlobalSection
	GlobalSection(ProjectConfigurationPlatforms) = postSolution
		{1A1FAC90-E8D0-457F-94C4-D9EA915A85A0}.Debug|Any CPU.ActiveCfg = Debug|Any CPU
		{1A1FAC90-E8D0-457F-94C4-D9EA915A85A0}.Debug|Any CPU.Build.0 = Debug|Any CPU
		{1A1FAC90-E8D0-457F-94C4-D9EA915A85A0}.Release|Any CPU.ActiveCfg = Release|Any CPU
		{1A1FAC90-E8D0-457F-94C4-D9EA915A85A0}.Release|Any CPU.Build.0 = Release|Any CPU
	EndGlobalSection
	GlobalSection(SolutionProperties) = preSolution
		HideSolutionNode = FALSE
	EndGlobalSection
	GlobalSection(ExtensibilityGlobals) = postSolution
		SolutionGuid = {18006E47-9041-4B9D-A739-6BE6460CEC21}
	EndGlobalSection
EndGlobal
